Microsoft Visual Studio Solution File, Format Version 12.00
# Visual Studio Version 17
VisualStudioVersion = 17.5.2.0
MinimumVisualStudioVersion = 10.0.40219.1
Project("{FAE04EC0-301F-11D3-BF4B-00C04F79EFBC}") = "BatalhaNaval", "BatalhaNaval.csproj", "{86DA8164-06ED-A006-42CD-CF1BF776B1C4}"
EndProject
Global
	GlobalSection(SolutionConfigurationPlatforms) = preSolution
		Debug|Any CPU = Debug|Any CPU
		Release|Any CPU = Release|Any CPU
	EndGlobalSection
	GlobalSection(ProjectConfigurationPlatforms) = postSolution
		{86DA8164-06ED-A006-42CD-CF1BF776B1C4}.Debug|Any CPU.ActiveCfg = Debug|Any CPU
		{86DA8164-06ED-A006-42CD-CF1BF776B1C4}.Debug|Any CPU.Build.0 = Debug|Any CPU
		{86DA8164-06ED-A006-42CD-CF1BF776B1C4}.Release|Any CPU.ActiveCfg = Release|Any CPU
		{86DA8164-06ED-A006-42CD-CF1BF776B1C4}.Release|Any CPU.Build.0 = Release|Any CPU
	EndGlobalSection
	GlobalSection(SolutionProperties) = preSolution
		HideSolutionNode = FALSE
	EndGlobalSection
	GlobalSection(ExtensibilityGlobals) = postSolution
		SolutionGuid = {FE6563EB-072E-4FB1-B628-E63E1214B850}
	EndGlobalSection
EndGlobal
